
Microsoft Visual Studio Solution File, Format Version 12.00
# Visual Studio Version 16
VisualStudioVersion = 16.0.30517.126
MinimumVisualStudioVersion = 10.0.40219.1
Project("{FAE04EC0-301F-11D3-BF4B-00C04F79EFBC}") = "MusicCollection", "MusicCollection\MusicCollection.csproj", "{81B12914-93B0-4A53-9515-A5D96745D4BC}"
EndProject
Global
	GlobalSection(SolutionConfigurationPlatforms) = preSolution
		Debug|Any CPU = Debug|Any CPU
		Release|Any CPU = Release|Any CPU
	EndGlobalSection
	GlobalSection(ProjectConfigurationPlatforms) = postSolution
		{81B12914-93B0-4A53-9515-A5D96745D4BC}.Debug|Any CPU.ActiveCfg = Debug|Any CPU
		{81B12914-93B0-4A53-9515-A5D96745D4BC}.Debug|Any CPU.Build.0 = Debug|Any CPU
		{81B12914-93B0-4A53-9515-A5D96745D4BC}.Release|Any CPU.ActiveCfg = Release|Any CPU
		{81B12914-93B0-4A53-9515-A5D96745D4BC}.Release|Any CPU.Build.0 = Release|Any CPU
	EndGlobalSection
	GlobalSection(SolutionProperties) = preSolution
		HideSolutionNode = FALSE
	EndGlobalSection
	GlobalSection(ExtensibilityGlobals) = postSolution
		SolutionGuid = {B274DD74-E016-4FFF-9B22-000A29BA9BEF}
	EndGlobalSection
EndGlobal
